// !$*UTF8*$!
{
	archiveVersion = 1;
	classes = {
	};
	objectVersion = 77;
	objects = {

/* Begin PBXContainerItemProxy section */
		5C833BB02EEF216A00D77E38 /* PBXContainerItemProxy */ = {
			isa = PBXContainerItemProxy;
			containerPortal = 5C833B972EEF216800D77E38 /* Project object */;
			proxyType = 1;
			remoteGlobalIDString = 5C833B9E2EEF216800D77E38;
			remoteInfo = "hiit-timer";
		};
		5C833BBA2EEF216A00D77E38 /* PBXContainerItemProxy */ = {
			isa = PBXContainerItemProxy;
			containerPortal = 5C833B972EEF216800D77E38 /* Project object */;
			proxyType = 1;
			remoteGlobalIDString = 5C833B9E2EEF216800D77E38;
			remoteInfo = "hiit-timer";
		};
/* End PBXContainerItemProxy section */

/* Begin PBXFileReference section */
		5C833B9F2EEF216800D77E38 /* hiit-timer.app */ = {isa = PBXFileReference; explicitFileType = wrapper.application; includeInIndex = 0; path = "hiit-timer.app"; sourceTree = BUILT_PRODUCTS_DIR; };
		5C833BAF2EEF216A00D77E38 /* hiit-timerTests.xctest */ = {isa = PBXFileReference; explicitFileType = wrapper.cfbundle; includeInIndex = 0; path = "hiit-timerTests.xctest"; sourceTree = BUILT_PRODUCTS_DIR; };
		5C833BB92EEF216A00D77E38 /* hiit-timerUITests.xctest */ = {isa = PBXFileReference; explicitFileType = wrapper.cfbundle; includeInIndex = 0; path = "hiit-timerUITests.xctest"; sourceTree = BUILT_PRODUCTS_DIR; };
/* End PBXFileReference section */

/* Begin PBXFileSystemSynchronizedRootGroup section */
		5C833BA12EEF216800D77E38 /* hiit-timer */ = {
			isa = PBXFileSystemSynchronizedRootGroup;
			path = "hiit-timer";
			sourceTree = "<group>";
		};
		5C833BB22EEF216A00D77E38 /* hiit-timerTests */ = {
			isa = PBXFileSystemSynchronizedRootGroup;
			path = "hiit-timerTests";
			sourceTree = "<group>";
		};
		5C833BBC2EEF216A00D77E38 /* hiit-timerUITests */ = {
			isa = PBXFileSystemSynchronizedRootGroup;
			path = "hiit-timerUITests";
			sourceTree = "<group>";
		};
/* End PBXFileSystemSynchronizedRootGroup section */

/* Begin PBXFrameworksBuildPhase section */
		5C833B9C2EEF216800D77E38 /* Frameworks */ = {
			isa = PBXFrameworksBuildPhase;
			buildActionMask = 2147483647;
			files = (
			);
			runOnlyForDeploymentPostprocessing = 0;
		};
		5C833BAC2EEF216900D77E38 /* Frameworks */ = {
			isa = PBXFrameworksBuildPhase;
			buildActionMask = 2147483647;
			files = (
			);
			runOnlyForDeploymentPostprocessing = 0;
		};
		5C833BB62EEF216A00D77E38 /* Frameworks */ = {
			isa = PBXFrameworksBuildPhase;
			buildActionMask = 2147483647;
			files = (
			);
			runOnlyForDeploymentPostprocessing = 0;
		};
/* End PBXFrameworksBuildPhase section */

/* Begin PBXGroup section */
		5C833B962EEF216800D77E38 = {
			isa = PBXGroup;
			children = (
				5C833BA12EEF216800D77E38 /* hiit-timer */,
				5C833BB22EEF216A00D77E38 /* hiit-timerTests */,
				5C833BBC2EEF216A00D77E38 /* hiit-timerUITests */,
				5C833BA02EEF216800D77E38 /* Products */,
			);
			sourceTree = "<group>";
		};
		5C833BA02EEF216800D77E38 /* Products */ = {
			isa = PBXGroup;
			children = (
				5C833B9F2EEF216800D77E38 /* hiit-timer.app */,
				5C833BAF2EEF216A00D77E38 /* hiit-timerTests.xctest */,
				5C833BB92EEF216A00D77E38 /* hiit-timerUITests.xctest */,
			);
			name = Products;
			sourceTree = "<group>";
		};
/* End PBXGroup section */

/* Begin PBXNativeTarget section */
		5C833B9E2EEF216800D77E38 /* hiit-timer */ = {
			isa = PBXNativeTarget;
			buildConfigurationList = 5C833BC32EEF216A00D77E38 /* Build configuration list for PBXNativeTarget "hiit-timer" */;
			buildPhases = (
				5C833B9B2EEF216800D77E38 /* Sources */,
				5C833B9C2EEF216800D77E38 /* Frameworks */,
				5C833B9D2EEF216800D77E38 /* Resources */,
			);
			buildRules = (
			);
			dependencies = (
			);
			fileSystemSynchronizedGroups = (
				5C833BA12EEF216800D77E38 /* hiit-timer */,
			);
			name = "hiit-timer";
			packageProductDependencies = (
			);
			productName = "hiit-timer";
			productReference = 5C833B9F2EEF216800D77E38 /* hiit-timer.app */;
			productType = "com.apple.product-type.application";
		};
		5C833BAE2EEF216900D77E38 /* hiit-timerTests */ = {
			isa = PBXNativeTarget;
			buildConfigurationList = 5C833BC62EEF216A00D77E38 /* Build configuration list for PBXNativeTarget "hiit-timerTests" */;
			buildPhases = (
				5C833BAB2EEF216900D77E38 /* Sources */,
				5C833BAC2EEF216900D77E38 /* Frameworks */,
				5C833BAD2EEF216900D77E38 /* Resources */,
			);
			buildRules = (
			);
			dependencies = (
				5C833BB12EEF216A00D77E38 /* PBXTargetDependency */,
			);
			fileSystemSynchronizedGroups = (
				5C833BB22EEF216A00D77E38 /* hiit-timerTests */,
			);
			name = "hiit-timerTests";
			packageProductDependencies = (
			);
			productName = "hiit-timerTests";
			productReference = 5C833BAF2EEF216A00D77E38 /* hiit-timerTests.xctest */;
			productType = "com.apple.product-type.bundle.unit-test";
		};
		5C833BB82EEF216A00D77E38 /* hiit-timerUITests */ = {
			isa = PBXNativeTarget;
			buildConfigurationList = 5C833BC92EEF216A00D77E38 /* Build configuration list for PBXNativeTarget "hiit-timerUITests" */;
			buildPhases = (
				5C833BB52EEF216A00D77E38 /* Sources */,
				5C833BB62EEF216A00D77E38 /* Frameworks */,
				5C833BB72EEF216A00D77E38 /* Resources */,
			);
			buildRules = (
			);
			dependencies = (
				5C833BBB2EEF216A00D77E38 /* PBXTargetDependency */,
			);
			fileSystemSynchronizedGroups = (
				5C833BBC2EEF216A00D77E38 /* hiit-timerUITests */,
			);
			name = "hiit-timerUITests";
			packageProductDependencies = (
			);
			productName = "hiit-timerUITests";
			productReference = 5C833BB92EEF216A00D77E38 /* hiit-timerUITests.xctest */;
			productType = "com.apple.product-type.bundle.ui-testing";
		};
/* End PBXNativeTarget section */

/* Begin PBXProject section */
		5C833B972EEF216800D77E38 /* Project object */ = {
			isa = PBXProject;
			attributes = {
				BuildIndependentTargetsInParallel = 1;
				LastSwiftUpdateCheck = 1610;
				LastUpgradeCheck = 1610;
				TargetAttributes = {
					5C833B9E2EEF216800D77E38 = {
						CreatedOnToolsVersion = 16.1;
					};
					5C833BAE2EEF216900D77E38 = {
						CreatedOnToolsVersion = 16.1;
						TestTargetID = 5C833B9E2EEF216800D77E38;
					};
					5C833BB82EEF216A00D77E38 = {
						CreatedOnToolsVersion = 16.1;
						TestTargetID = 5C833B9E2EEF216800D77E38;
					};
				};
			};
			buildConfigurationList = 5C833B9A2EEF216800D77E38 /* Build configuration list for PBXProject "hiit-timer" */;
			developmentRegion = en;
			hasScannedForEncodings = 0;
			knownRegions = (
				en,
				Base,
			);
			mainGroup = 5C833B962EEF216800D77E38;
			minimizedProjectReferenceProxies = 1;
			preferredProjectObjectVersion = 77;
			productRefGroup = 5C833BA02EEF216800D77E38 /* Products */;
			projectDirPath = "";
			projectRoot = "";
			targets = (
				5C833B9E2EEF216800D77E38 /* hiit-timer */,
				5C833BAE2EEF216900D77E38 /* hiit-timerTests */,
				5C833BB82EEF216A00D77E38 /* hiit-timerUITests */,
			);
		};
/* End PBXProject section */

/* Begin PBXResourcesBuildPhase section */
		5C833B9D2EEF216800D77E38 /* Resources */ = {
			isa = PBXResourcesBuildPhase;
			buildActionMask = 2147483647;
			files = (
			);
			runOnlyForDeploymentPostprocessing = 0;
		};
		5C833BAD2EEF216900D77E38 /* Resources */ = {
			isa = PBXResourcesBuildPhase;
			buildActionMask = 2147483647;
			files = (
			);
			runOnlyForDeploymentPostprocessing = 0;
		};
		5C833BB72EEF216A00D77E38 /* Resources */ = {
			isa = PBXResourcesBuildPhase;
			buildActionMask = 2147483647;
			files = (
			);
			runOnlyForDeploymentPostprocessing = 0;
		};
/* End PBXResourcesBuildPhase section */

/* Begin PBXSourcesBuildPhase section */
		5C833B9B2EEF216800D77E38 /* Sources */ = {
			isa = PBXSourcesBuildPhase;
			buildActionMask = 2147483647;
			files = (
			);
			runOnlyForDeploymentPostprocessing = 0;
		};
		5C833BAB2EEF216900D77E38 /* Sources */ = {
			isa = PBXSourcesBuildPhase;
			buildActionMask = 2147483647;
			files = (
			);
			runOnlyForDeploymentPostprocessing = 0;
		};
		5C833BB52EEF216A00D77E38 /* Sources */ = {
			isa = PBXSourcesBuildPhase;
			buildActionMask = 2147483647;
			files = (
			);
			runOnlyForDeploymentPostprocessing = 0;
		};
/* End PBXSourcesBuildPhase section */

/* Begin PBXTargetDependency section */
		5C833BB12EEF216A00D77E38 /* PBXTargetDependency */ = {
			isa = PBXTargetDependency;
			target = 5C833B9E2EEF216800D77E38 /* hiit-timer */;
			targetProxy = 5C833BB02EEF216A00D77E38 /* PBXContainerItemProxy */;
		};
		5C833BBB2EEF216A00D77E38 /* PBXTargetDependency */ = {
			isa = PBXTargetDependency;
			target = 5C833B9E2EEF216800D77E38 /* hiit-timer */;
			targetProxy = 5C833BBA2EEF216A00D77E38 /* PBXContainerItemProxy */;
		};
/* End PBXTargetDependency section */

/* Begin XCBuildConfiguration section */
		5C833BC12EEF216A00D77E38 /* Debug */ = {
			isa = XCBuildConfiguration;
			buildSettings = {
				ALWAYS_SEARCH_USER_PATHS = NO;
				ASSETCATALOG_COMPILER_GENERATE_SWIFT_ASSET_SYMBOL_EXTENSIONS = YES;
				CLANG_ANALYZER_NONNULL = YES;
				CLANG_ANALYZER_NUMBER_OBJECT_CONVERSION = YES_AGGRESSIVE;
				CLANG_CXX_LANGUAGE_STANDARD = "gnu++20";
				CLANG_ENABLE_MODULES = YES;
				CLANG_ENABLE_OBJC_ARC = YES;
				CLANG_ENABLE_OBJC_WEAK = YES;
				CLANG_WARN_BLOCK_CAPTURE_AUTORELEASING = YES;
				CLANG_WARN_BOOL_CONVERSION = YES;
				CLANG_WARN_COMMA = YES;
				CLANG_WARN_CONSTANT_CONVERSION = YES;
				CLANG_WARN_DEPRECATED_OBJC_IMPLEMENTATIONS = YES;
				CLANG_WARN_DIRECT_OBJC_ISA_USAGE = YES_ERROR;
				CLANG_WARN_DOCUMENTATION_COMMENTS = YES;
				CLANG_WARN_EMPTY_BODY = YES;
				CLANG_WARN_ENUM_CONVERSION = YES;
				CLANG_WARN_INFINITE_RECURSION = YES;
				CLANG_WARN_INT_CONVERSION = YES;
				CLANG_WARN_NON_LITERAL_NULL_CONVERSION = YES;
				CLANG_WARN_OBJC_IMPLICIT_RETAIN_SELF = YES;
				CLANG_WARN_OBJC_LITERAL_CONVERSION = YES;
				CLANG_WARN_OBJC_ROOT_CLASS = YES_ERROR;
				CLANG_WARN_QUOTED_INCLUDE_IN_FRAMEWORK_HEADER = YES;
				CLANG_WARN_RANGE_LOOP_ANALYSIS = YES;
				CLANG_WARN_STRICT_PROTOTYPES = YES;
				CLANG_WARN_SUSPICIOUS_MOVE = YES;
				CLANG_WARN_UNGUARDED_AVAILABILITY = YES_AGGRESSIVE;
				CLANG_WARN_UNREACHABLE_CODE = YES;
				CLANG_WARN__DUPLICATE_METHOD_MATCH = YES;
				COPY_PHASE_STRIP = NO;
				DEBUG_INFORMATION_FORMAT = dwarf;
				ENABLE_STRICT_OBJC_MSGSEND = YES;
				ENABLE_TESTABILITY = YES;
				ENABLE_USER_SCRIPT_SANDBOXING = YES;
				GCC_C_LANGUAGE_STANDARD = gnu17;
				GCC_DYNAMIC_NO_PIC = NO;
				GCC_NO_COMMON_BLOCKS = YES;
				GCC_OPTIMIZATION_LEVEL = 0;
				GCC_PREPROCESSOR_DEFINITIONS = (
					"DEBUG=1",
					"$(inherited)",
				);
				GCC_WARN_64_TO_32_BIT_CONVERSION = YES;
				GCC_WARN_ABOUT_RETURN_TYPE = YES_ERROR;
				GCC_WARN_UNDECLARED_SELECTOR = YES;
				GCC_WARN_UNINITIALIZED_AUTOS = YES_AGGRESSIVE;
				GCC_WARN_UNUSED_FUNCTION = YES;
				GCC_WARN_UNUSED_VARIABLE = YES;
				IPHONEOS_DEPLOYMENT_TARGET = 18.1;
				LOCALIZATION_PREFERS_STRING_CATALOGS = YES;
				MTL_ENABLE_DEBUG_INFO = INCLUDE_SOURCE;
				MTL_FAST_MATH = YES;
				ONLY_ACTIVE_ARCH = YES;
				SDKROOT = iphoneos;
				SWIFT_ACTIVE_COMPILATION_CONDITIONS = "DEBUG $(inherited)";
				SWIFT_OPTIMIZATION_LEVEL = "-Onone";
			};
			name = Debug;
		};
		5C833BC22EEF216A00D77E38 /* Release */ = {
			isa = XCBuildConfiguration;
			buildSettings = {
				ALWAYS_SEARCH_USER_PATHS = NO;
				ASSETCATALOG_COMPILER_GENERATE_SWIFT_ASSET_SYMBOL_EXTENSIONS = YES;
				CLANG_ANALYZER_NONNULL = YES;
				CLANG_ANALYZER_NUMBER_OBJECT_CONVERSION = YES_AGGRESSIVE;
				CLANG_CXX_LANGUAGE_STANDARD = "gnu++20";
				CLANG_ENABLE_MODULES = YES;
				CLANG_ENABLE_OBJC_ARC = YES;
				CLANG_ENABLE_OBJC_WEAK = YES;
				CLANG_WARN_BLOCK_CAPTURE_AUTORELEASING = YES;
				CLANG_WARN_BOOL_CONVERSION = YES;
				CLANG_WARN_COMMA = YES;
				CLANG_WARN_CONSTANT_CONVERSION = YES;
				CLANG_WARN_DEPRECATED_OBJC_IMPLEMENTATIONS = YES;
				CLANG_WARN_DIRECT_OBJC_ISA_USAGE = YES_ERROR;
				CLANG_WARN_DOCUMENTATION_COMMENTS = YES;
				CLANG_WARN_EMPTY_BODY = YES;
				CLANG_WARN_ENUM_CONVERSION = YES;
				CLANG_WARN_INFINITE_RECURSION = YES;
				CLANG_WARN_INT_CONVERSION = YES;
				CLANG_WARN_NON_LITERAL_NULL_CONVERSION = YES;
				CLANG_WARN_OBJC_IMPLICIT_RETAIN_SELF = YES;
				CLANG_WARN_OBJC_LITERAL_CONVERSION = YES;
				CLANG_WARN_OBJC_ROOT_CLASS = YES_ERROR;
				CLANG_WARN_QUOTED_INCLUDE_IN_FRAMEWORK_HEADER = YES;
				CLANG_WARN_RANGE_LOOP_ANALYSIS = YES;
				CLANG_WARN_STRICT_PROTOTYPES = YES;
				CLANG_WARN_SUSPICIOUS_MOVE = YES;
				CLANG_WARN_UNGUARDED_AVAILABILITY = YES_AGGRESSIVE;
				CLANG_WARN_UNREACHABLE_CODE = YES;
				CLANG_WARN__DUPLICATE_METHOD_MATCH = YES;
				COPY_PHASE_STRIP = NO;
				DEBUG_INFORMATION_FORMAT = "dwarf-with-dsym";
				ENABLE_NS_ASSERTIONS = NO;
				ENABLE_STRICT_OBJC_MSGSEND = YES;
				ENABLE_USER_SCRIPT_SANDBOXING = YES;
				GCC_C_LANGUAGE_STANDARD = gnu17;
				GCC_NO_COMMON_BLOCKS = YES;
				GCC_WARN_64_TO_32_BIT_CONVERSION = YES;
				GCC_WARN_ABOUT_RETURN_TYPE = YES_ERROR;
				GCC_WARN_UNDECLARED_SELECTOR = YES;
				GCC_WARN_UNINITIALIZED_AUTOS = YES_AGGRESSIVE;
				GCC_WARN_UNUSED_FUNCTION = YES;
				GCC_WARN_UNUSED_VARIABLE = YES;
				IPHONEOS_DEPLOYMENT_TARGET = 18.1;
				LOCALIZATION_PREFERS_STRING_CATALOGS = YES;
				MTL_ENABLE_DEBUG_INFO = NO;
				MTL_FAST_MATH = YES;
				SDKROOT = iphoneos;
				SWIFT_COMPILATION_MODE = wholemodule;
				VALIDATE_PRODUCT = YES;
			};
			name = Release;
		};
		5C833BC42EEF216A00D77E38 /* Debug */ = {
			isa = XCBuildConfiguration;
			buildSettings = {
				ASSETCATALOG_COMPILER_APPICON_NAME = AppIcon;
				ASSETCATALOG_COMPILER_GLOBAL_ACCENT_COLOR_NAME = AccentColor;
				CODE_SIGN_STYLE = Automatic;
				CURRENT_PROJECT_VERSION = 1;
				DEVELOPMENT_ASSET_PATHS = "\"hiit-timer/Preview Content\"";
				DEVELOPMENT_TEAM = 95Z497QH6V;
				ENABLE_PREVIEWS = YES;
				GENERATE_INFOPLIST_FILE = YES;
				INFOPLIST_KEY_UIApplicationSceneManifest_Generation = YES;
				INFOPLIST_KEY_UIApplicationSupportsIndirectInputEvents = YES;
				INFOPLIST_KEY_UILaunchScreen_Generation = YES;
				INFOPLIST_KEY_UISupportedInterfaceOrientations_iPad = "UIInterfaceOrientationPortrait UIInterfaceOrientationPortraitUpsideDown UIInterfaceOrientationLandscapeLeft UIInterfaceOrientationLandscapeRight";
				INFOPLIST_KEY_UISupportedInterfaceOrientations_iPhone = "UIInterfaceOrientationPortrait UIInterfaceOrientationLandscapeLeft UIInterfaceOrientationLandscapeRight";
				LD_RUNPATH_SEARCH_PATHS = (
					"$(inherited)",
					"@executable_path/Frameworks",
				);
				MARKETING_VERSION = 1.0;
				PRODUCT_BUNDLE_IDENTIFIER = "com.brandonassing.hiit-timer";
				PRODUCT_NAME = "$(TARGET_NAME)";
				SWIFT_EMIT_LOC_STRINGS = YES;
				SWIFT_VERSION = 5.0;
				TARGETED_DEVICE_FAMILY = "1,2";
			};
			name = Debug;
		};
		5C833BC52EEF216A00D77E38 /* Release */ = {
			isa = XCBuildConfiguration;
			buildSettings = {
				ASSETCATALOG_COMPILER_APPICON_NAME = AppIcon;
				ASSETCATALOG_COMPILER_GLOBAL_ACCENT_COLOR_NAME = AccentColor;
				CODE_SIGN_STYLE = Automatic;
				CURRENT_PROJECT_VERSION = 1;
				DEVELOPMENT_ASSET_PATHS = "\"hiit-timer/Preview Content\"";
				DEVELOPMENT_TEAM = 95Z497QH6V;
				ENABLE_PREVIEWS = YES;
				GENERATE_INFOPLIST_FILE = YES;
				INFOPLIST_KEY_UIApplicationSceneManifest_Generation = YES;
				INFOPLIST_KEY_UIApplicationSupportsIndirectInputEvents = YES;
				INFOPLIST_KEY_UILaunchScreen_Generation = YES;
				INFOPLIST_KEY_UISupportedInterfaceOrientations_iPad = "UIInterfaceOrientationPortrait UIInterfaceOrientationPortraitUpsideDown UIInterfaceOrientationLandscapeLeft UIInterfaceOrientationLandscapeRight";
				INFOPLIST_KEY_UISupportedInterfaceOrientations_iPhone = "UIInterfaceOrientationPortrait UIInterfaceOrientationLandscapeLeft UIInterfaceOrientationLandscapeRight";
				LD_RUNPATH_SEARCH_PATHS = (
					"$(inherited)",
					"@executable_path/Frameworks",
				);
				MARKETING_VERSION = 1.0;
				PRODUCT_BUNDLE_IDENTIFIER = "com.brandonassing.hiit-timer";
				PRODUCT_NAME = "$(TARGET_NAME)";
				SWIFT_EMIT_LOC_STRINGS = YES;
				SWIFT_VERSION = 5.0;
				TARGETED_DEVICE_FAMILY = "1,2";
			};
			name = Release;
		};
		5C833BC72EEF216A00D77E38 /* Debug */ = {
			isa = XCBuildConfiguration;
			buildSettings = {
				BUNDLE_LOADER = "$(TEST_HOST)";
				CODE_SIGN_STYLE = Automatic;
				CURRENT_PROJECT_VERSION = 1;
				DEVELOPMENT_TEAM = 95Z497QH6V;
				GENERATE_INFOPLIST_FILE = YES;
				IPHONEOS_DEPLOYMENT_TARGET = 18.1;
				MARKETING_VERSION = 1.0;
				PRODUCT_BUNDLE_IDENTIFIER = "com.brandonassing.hiit-timerTests";
				PRODUCT_NAME = "$(TARGET_NAME)";
				SWIFT_EMIT_LOC_STRINGS = NO;
				SWIFT_VERSION = 5.0;
				TARGETED_DEVICE_FAMILY = "1,2";
				TEST_HOST = "$(BUILT_PRODUCTS_DIR)/hiit-timer.app/$(BUNDLE_EXECUTABLE_FOLDER_PATH)/hiit-timer";
			};
			name = Debug;
		};
		5C833BC82EEF216A00D77E38 /* Release */ = {
			isa = XCBuildConfiguration;
			buildSettings = {
				BUNDLE_LOADER = "$(TEST_HOST)";
				CODE_SIGN_STYLE = Automatic;
				CURRENT_PROJECT_VERSION = 1;
				DEVELOPMENT_TEAM = 95Z497QH6V;
				GENERATE_INFOPLIST_FILE = YES;
				IPHONEOS_DEPLOYMENT_TARGET = 18.1;
				MARKETING_VERSION = 1.0;
				PRODUCT_BUNDLE_IDENTIFIER = "com.brandonassing.hiit-timerTests";
				PRODUCT_NAME = "$(TARGET_NAME)";
				SWIFT_EMIT_LOC_STRINGS = NO;
				SWIFT_VERSION = 5.0;
				TARGETED_DEVICE_FAMILY = "1,2";
				TEST_HOST = "$(BUILT_PRODUCTS_DIR)/hiit-timer.app/$(BUNDLE_EXECUTABLE_FOLDER_PATH)/hiit-timer";
			};
			name = Release;
		};
		5C833BCA2EEF216A00D77E38 /* Debug */ = {
			isa = XCBuildConfiguration;
			buildSettings = {
				CODE_SIGN_STYLE = Automatic;
				CURRENT_PROJECT_VERSION = 1;
				DEVELOPMENT_TEAM = 95Z497QH6V;
				GENERATE_INFOPLIST_FILE = YES;
				MARKETING_VERSION = 1.0;
				PRODUCT_BUNDLE_IDENTIFIER = "com.brandonassing.hiit-timerUITests";
				PRODUCT_NAME = "$(TARGET_NAME)";
				SWIFT_EMIT_LOC_STRINGS = NO;
				SWIFT_VERSION = 5.0;
				TARGETED_DEVICE_FAMILY = "1,2";
				TEST_TARGET_NAME = "hiit-timer";
			};
			name = Debug;
		};
		5C833BCB2EEF216A00D77E38 /* Release */ = {
			isa = XCBuildConfiguration;
			buildSettings = {
				CODE_SIGN_STYLE = Automatic;
				CURRENT_PROJECT_VERSION = 1;
				DEVELOPMENT_TEAM = 95Z497QH6V;
				GENERATE_INFOPLIST_FILE = YES;
				MARKETING_VERSION = 1.0;
				PRODUCT_BUNDLE_IDENTIFIER = "com.brandonassing.hiit-timerUITests";
				PRODUCT_NAME = "$(TARGET_NAME)";
				SWIFT_EMIT_LOC_STRINGS = NO;
				SWIFT_VERSION = 5.0;
				TARGETED_DEVICE_FAMILY = "1,2";
				TEST_TARGET_NAME = "hiit-timer";
			};
			name = Release;
		};
/* End XCBuildConfiguration section */

/* Begin XCConfigurationList section */
		5C833B9A2EEF216800D77E38 /* Build configuration list for PBXProject "hiit-timer" */ = {
			isa = XCConfigurationList;
			buildConfigurations = (
				5C833BC12EEF216A00D77E38 /* Debug */,
				5C833BC22EEF216A00D77E38 /* Release */,
			);
			defaultConfigurationIsVisible = 0;
			defaultConfigurationName = Release;
		};
		5C833BC32EEF216A00D77E38 /* Build configuration list for PBXNativeTarget "hiit-timer" */ = {
			isa = XCConfigurationList;
			buildConfigurations = (
				5C833BC42EEF216A00D77E38 /* Debug */,
				5C833BC52EEF216A00D77E38 /* Release */,
			);
			defaultConfigurationIsVisible = 0;
			defaultConfigurationName = Release;
		};
		5C833BC62EEF216A00D77E38 /* Build configuration list for PBXNativeTarget "hiit-timerTests" */ = {
			isa = XCConfigurationList;
			buildConfigurations = (
				5C833BC72EEF216A00D77E38 /* Debug */,
				5C833BC82EEF216A00D77E38 /* Release */,
			);
			defaultConfigurationIsVisible = 0;
			defaultConfigurationName = Release;
		};
		5C833BC92EEF216A00D77E38 /* Build configuration list for PBXNativeTarget "hiit-timerUITests" */ = {
			isa = XCConfigurationList;
			buildConfigurations = (
				5C833BCA2EEF216A00D77E38 /* Debug */,
				5C833BCB2EEF216A00D77E38 /* Release */,
			);
			defaultConfigurationIsVisible = 0;
			defaultConfigurationName = Release;
		};
/* End XCConfigurationList section */
	};
	rootObject = 5C833B972EEF216800D77E38 /* Project object */;
}
